
Microsoft Visual Studio Solution File, Format Version 12.00
# Visual Studio Version 16
VisualStudioVersion = 16.0.31515.178
MinimumVisualStudioVersion = 10.0.40219.1
Project("{FAE04EC0-301F-11D3-BF4B-00C04F79EFBC}") = "mysqlwebapp", "mysqlwebapp\mysqlwebapp.csproj", "{0E8D8D8B-2756-4B05-9A8C-1D08C5C6CF1C}"
EndProject
Global
	GlobalSection(SolutionConfigurationPlatforms) = preSolution
		Debug|Any CPU = Debug|Any CPU
		Release|Any CPU = Release|Any CPU
	EndGlobalSection
	GlobalSection(ProjectConfigurationPlatforms) = postSolution
		{0E8D8D8B-2756-4B05-9A8C-1D08C5C6CF1C}.Debug|Any CPU.ActiveCfg = Debug|Any CPU
		{0E8D8D8B-2756-4B05-9A8C-1D08C5C6CF1C}.Debug|Any CPU.Build.0 = Debug|Any CPU
		{0E8D8D8B-2756-4B05-9A8C-1D08C5C6CF1C}.Release|Any CPU.ActiveCfg = Release|Any CPU
		{0E8D8D8B-2756-4B05-9A8C-1D08C5C6CF1C}.Release|Any CPU.Build.0 = Release|Any CPU
	EndGlobalSection
	GlobalSection(SolutionProperties) = preSolution
		HideSolutionNode = FALSE
	EndGlobalSection
	GlobalSection(ExtensibilityGlobals) = postSolution
		SolutionGuid = {379EFD71-F892-44BD-B821-52A6FDBFB0E7}
	EndGlobalSection
EndGlobal
